{
  "name": "shaders",
  "requires": true,
  "lockfileVersion": 1,
  "dependencies": {
    "glsl-camera-ray": {
      "version": "1.0.0",
      "resolved": "https://registry.npmjs.org/glsl-camera-ray/-/glsl-camera-ray-1.0.0.tgz",
      "integrity": "sha1-5a3+EjwCvIGMfds+QJwnOBepVe0=",
      "requires": {
        "glsl-look-at": "1.0.0"
      }
    },
    "glsl-colormap": {
      "version": "1.0.1",
      "resolved": "https://registry.npmjs.org/glsl-colormap/-/glsl-colormap-1.0.1.tgz",
      "integrity": "sha1-CrFuT+Ax7bU6rWKM+Ou/T6SL92M="
    },
    "glsl-hsv2rgb": {
      "version": "1.0.0",
      "resolved": "https://registry.npmjs.org/glsl-hsv2rgb/-/glsl-hsv2rgb-1.0.0.tgz",
      "integrity": "sha1-o/7W8zVJBqBD9BeVRCnab8dyW3M="
    },
    "glsl-look-at": {
      "version": "1.0.0",
      "resolved": "https://registry.npmjs.org/glsl-look-at/-/glsl-look-at-1.0.0.tgz",
      "integrity": "sha1-YzuxeVQcL9Xo9ZHW0t2dRR4on3s="
    },
    "glsl-noise": {
      "version": "0.0.0",
      "resolved": "https://registry.npmjs.org/glsl-noise/-/glsl-noise-0.0.0.tgz",
      "integrity": "sha1-NndF86MzgsDu7Ey1S36Zz8HXZws="
    }
  }
}
